
Microsoft Visual Studio Solution File, Format Version 12.00
# Visual Studio 15
VisualStudioVersion = 15.0.28307.572
MinimumVisualStudioVersion = 10.0.40219.1
Project("{FAE04EC0-301F-11D3-BF4B-00C04F79EFBC}") = "LV4", "LV4\LV4.csproj", "{56517B5B-0EC5-46E5-8F99-BA022A82D27C}"
EndProject
Global
	GlobalSection(SolutionConfigurationPlatforms) = preSolution
		Debug|Any CPU = Debug|Any CPU
		Release|Any CPU = Release|Any CPU
	EndGlobalSection
	GlobalSection(ProjectConfigurationPlatforms) = postSolution
		{56517B5B-0EC5-46E5-8F99-BA022A82D27C}.Debug|Any CPU.ActiveCfg = Debug|Any CPU
		{56517B5B-0EC5-46E5-8F99-BA022A82D27C}.Debug|Any CPU.Build.0 = Debug|Any CPU
		{56517B5B-0EC5-46E5-8F99-BA022A82D27C}.Release|Any CPU.ActiveCfg = Release|Any CPU
		{56517B5B-0EC5-46E5-8F99-BA022A82D27C}.Release|Any CPU.Build.0 = Release|Any CPU
	EndGlobalSection
	GlobalSection(SolutionProperties) = preSolution
		HideSolutionNode = FALSE
	EndGlobalSection
	GlobalSection(ExtensibilityGlobals) = postSolution
		SolutionGuid = {CDB00D43-9B60-4419-956E-A638EFE7409A}
	EndGlobalSection
EndGlobal
